// !$*UTF8*$!
{
	archiveVersion = 1;
	classes = {
	};
	objectVersion = 50;
	objects = {

/* Begin PBXBuildFile section */
		95F40848256D982000B90C99 /* AppDelegate.swift in Sources */ = {isa = PBXBuildFile; fileRef = 95F40847256D982000B90C99 /* AppDelegate.swift */; };
		95F4084A256D982000B90C99 /* SceneDelegate.swift in Sources */ = {isa = PBXBuildFile; fileRef = 95F40849256D982000B90C99 /* SceneDelegate.swift */; };
		95F4084C256D982000B90C99 /* WeatherViewController.swift in Sources */ = {isa = PBXBuildFile; fileRef = 95F4084B256D982000B90C99 /* WeatherViewController.swift */; };
		95F40851256D982200B90C99 /* Assets.xcassets in Resources */ = {isa = PBXBuildFile; fileRef = 95F40850256D982200B90C99 /* Assets.xcassets */; };
		95F40854256D982200B90C99 /* LaunchScreen.storyboard in Resources */ = {isa = PBXBuildFile; fileRef = 95F40852256D982200B90C99 /* LaunchScreen.storyboard */; };
		95F40861256D985600B90C99 /* WeatherManager.swift in Sources */ = {isa = PBXBuildFile; fileRef = 95F4085D256D985600B90C99 /* WeatherManager.swift */; };
		95F40862256D985600B90C99 /* WeatherData.swift in Sources */ = {isa = PBXBuildFile; fileRef = 95F4085E256D985600B90C99 /* WeatherData.swift */; };
		95F40863256D985600B90C99 /* WeatherModel.swift in Sources */ = {isa = PBXBuildFile; fileRef = 95F4085F256D985600B90C99 /* WeatherModel.swift */; };
		95F40864256D985600B90C99 /* APIkey.swift in Sources */ = {isa = PBXBuildFile; fileRef = 95F40860256D985600B90C99 /* APIkey.swift */; };
		95F4086B256D98C200B90C99 /* Main.storyboard in Resources */ = {isa = PBXBuildFile; fileRef = 95F4086A256D98C200B90C99 /* Main.storyboard */; };
/* End PBXBuildFile section */

/* Begin PBXFileReference section */
		95F40844256D982000B90C99 /* Tempo.app */ = {isa = PBXFileReference; explicitFileType = wrapper.application; includeInIndex = 0; path = Tempo.app; sourceTree = BUILT_PRODUCTS_DIR; };
		95F40847256D982000B90C99 /* AppDelegate.swift */ = {isa = PBXFileReference; lastKnownFileType = sourcecode.swift; path = AppDelegate.swift; sourceTree = "<group>"; };
		95F40849256D982000B90C99 /* SceneDelegate.swift */ = {isa = PBXFileReference; lastKnownFileType = sourcecode.swift; path = SceneDelegate.swift; sourceTree = "<group>"; };
		95F4084B256D982000B90C99 /* WeatherViewController.swift */ = {isa = PBXFileReference; lastKnownFileType = sourcecode.swift; path = WeatherViewController.swift; sourceTree = "<group>"; };
		95F40850256D982200B90C99 /* Assets.xcassets */ = {isa = PBXFileReference; lastKnownFileType = folder.assetcatalog; path = Assets.xcassets; sourceTree = "<group>"; };
		95F40853256D982200B90C99 /* Base */ = {isa = PBXFileReference; lastKnownFileType = file.storyboard; name = Base; path = Base.lproj/LaunchScreen.storyboard; sourceTree = "<group>"; };
		95F40855256D982200B90C99 /* Info.plist */ = {isa = PBXFileReference; lastKnownFileType = text.plist.xml; path = Info.plist; sourceTree = "<group>"; };
		95F4085D256D985600B90C99 /* WeatherManager.swift */ = {isa = PBXFileReference; fileEncoding = 4; lastKnownFileType = sourcecode.swift; path = WeatherManager.swift; sourceTree = "<group>"; };
		95F4085E256D985600B90C99 /* WeatherData.swift */ = {isa = PBXFileReference; fileEncoding = 4; lastKnownFileType = sourcecode.swift; path = WeatherData.swift; sourceTree = "<group>"; };
		95F4085F256D985600B90C99 /* WeatherModel.swift */ = {isa = PBXFileReference; fileEncoding = 4; lastKnownFileType = sourcecode.swift; path = WeatherModel.swift; sourceTree = "<group>"; };
		95F40860256D985600B90C99 /* APIkey.swift */ = {isa = PBXFileReference; fileEncoding = 4; lastKnownFileType = sourcecode.swift; path = APIkey.swift; sourceTree = "<group>"; };
		95F4086A256D98C200B90C99 /* Main.storyboard */ = {isa = PBXFileReference; fileEncoding = 4; lastKnownFileType = file.storyboard; path = Main.storyboard; sourceTree = "<group>"; };
/* End PBXFileReference section */

/* Begin PBXFrameworksBuildPhase section */
		95F40841256D982000B90C99 /* Frameworks */ = {
			isa = PBXFrameworksBuildPhase;
			buildActionMask = 2147483647;
			files = (
			);
			runOnlyForDeploymentPostprocessing = 0;
		};
/* End PBXFrameworksBuildPhase section */

/* Begin PBXGroup section */
		95F4083B256D982000B90C99 = {
			isa = PBXGroup;
			children = (
				95F40846256D982000B90C99 /* Tempo */,
				95F40845256D982000B90C99 /* Products */,
			);
			sourceTree = "<group>";
		};
		95F40845256D982000B90C99 /* Products */ = {
			isa = PBXGroup;
			children = (
				95F40844256D982000B90C99 /* Tempo.app */,
			);
			name = Products;
			sourceTree = "<group>";
		};
		95F40846256D982000B90C99 /* Tempo */ = {
			isa = PBXGroup;
			children = (
				95F40847256D982000B90C99 /* AppDelegate.swift */,
				95F40849256D982000B90C99 /* SceneDelegate.swift */,
				95F40867256D986500B90C99 /* Contrellers */,
				95F4085C256D984200B90C99 /* Models */,
				95F40868256D98A800B90C99 /* Views */,
				95F40850256D982200B90C99 /* Assets.xcassets */,
				95F40852256D982200B90C99 /* LaunchScreen.storyboard */,
				95F40855256D982200B90C99 /* Info.plist */,
			);
			path = Tempo;
			sourceTree = "<group>";
		};
		95F4085C256D984200B90C99 /* Models */ = {
			isa = PBXGroup;
			children = (
				95F40860256D985600B90C99 /* APIkey.swift */,
				95F4085E256D985600B90C99 /* WeatherData.swift */,
				95F4085D256D985600B90C99 /* WeatherManager.swift */,
				95F4085F256D985600B90C99 /* WeatherModel.swift */,
			);
			path = Models;
			sourceTree = "<group>";
		};
		95F40867256D986500B90C99 /* Contrellers */ = {
			isa = PBXGroup;
			children = (
				95F4084B256D982000B90C99 /* WeatherViewController.swift */,
			);
			path = Contrellers;
			sourceTree = "<group>";
		};
		95F40868256D98A800B90C99 /* Views */ = {
			isa = PBXGroup;
			children = (
				95F4086A256D98C200B90C99 /* Main.storyboard */,
			);
			path = Views;
			sourceTree = "<group>";
		};
/* End PBXGroup section */

/* Begin PBXNativeTarget section */
		95F40843256D982000B90C99 /* Tempo */ = {
			isa = PBXNativeTarget;
			buildConfigurationList = 95F40858256D982200B90C99 /* Build configuration list for PBXNativeTarget "Tempo" */;
			buildPhases = (
				95F40840256D982000B90C99 /* Sources */,
				95F40841256D982000B90C99 /* Frameworks */,
				95F40842256D982000B90C99 /* Resources */,
			);
			buildRules = (
			);
			dependencies = (
			);
			name = Tempo;
			productName = Tempo;
			productReference = 95F40844256D982000B90C99 /* Tempo.app */;
			productType = "com.apple.product-type.application";
		};
/* End PBXNativeTarget section */

/* Begin PBXProject section */
		95F4083C256D982000B90C99 /* Project object */ = {
			isa = PBXProject;
			attributes = {
				LastSwiftUpdateCheck = 1210;
				LastUpgradeCheck = 1210;
				TargetAttributes = {
					95F40843256D982000B90C99 = {
						CreatedOnToolsVersion = 12.1;
					};
				};
			};
			buildConfigurationList = 95F4083F256D982000B90C99 /* Build configuration list for PBXProject "Tempo" */;
			compatibilityVersion = "Xcode 9.3";
			developmentRegion = en;
			hasScannedForEncodings = 0;
			knownRegions = (
				en,
				Base,
			);
			mainGroup = 95F4083B256D982000B90C99;
			productRefGroup = 95F40845256D982000B90C99 /* Products */;
			projectDirPath = "";
			projectRoot = "";
			targets = (
				95F40843256D982000B90C99 /* Tempo */,
			);
		};
/* End PBXProject section */

/* Begin PBXResourcesBuildPhase section */
		95F40842256D982000B90C99 /* Resources */ = {
			isa = PBXResourcesBuildPhase;
			buildActionMask = 2147483647;
			files = (
				95F4086B256D98C200B90C99 /* Main.storyboard in Resources */,
				95F40854256D982200B90C99 /* LaunchScreen.storyboard in Resources */,
				95F40851256D982200B90C99 /* Assets.xcassets in Resources */,
			);
			runOnlyForDeploymentPostprocessing = 0;
		};
/* End PBXResourcesBuildPhase section */

/* Begin PBXSourcesBuildPhase section */
		95F40840256D982000B90C99 /* Sources */ = {
			isa = PBXSourcesBuildPhase;
			buildActionMask = 2147483647;
			files = (
				95F4084C256D982000B90C99 /* WeatherViewController.swift in Sources */,
				95F40862256D985600B90C99 /* WeatherData.swift in Sources */,
				95F40864256D985600B90C99 /* APIkey.swift in Sources */,
				95F40848256D982000B90C99 /* AppDelegate.swift in Sources */,
				95F40861256D985600B90C99 /* WeatherManager.swift in Sources */,
				95F40863256D985600B90C99 /* WeatherModel.swift in Sources */,
				95F4084A256D982000B90C99 /* SceneDelegate.swift in Sources */,
			);
			runOnlyForDeploymentPostprocessing = 0;
		};
/* End PBXSourcesBuildPhase section */

/* Begin PBXVariantGroup section */
		95F40852256D982200B90C99 /* LaunchScreen.storyboard */ = {
			isa = PBXVariantGroup;
			children = (
				95F40853256D982200B90C99 /* Base */,
			);
			name = LaunchScreen.storyboard;
			sourceTree = "<group>";
		};
/* End PBXVariantGroup section */

/* Begin XCBuildConfiguration section */
		95F40856256D982200B90C99 /* Debug */ = {
			isa = XCBuildConfiguration;
			buildSettings = {
				ALWAYS_SEARCH_USER_PATHS = NO;
				CLANG_ANALYZER_NONNULL = YES;
				CLANG_ANALYZER_NUMBER_OBJECT_CONVERSION = YES_AGGRESSIVE;
				CLANG_CXX_LANGUAGE_STANDARD = "gnu++14";
				CLANG_CXX_LIBRARY = "libc++";
				CLANG_ENABLE_MODULES = YES;
				CLANG_ENABLE_OBJC_ARC = YES;
				CLANG_ENABLE_OBJC_WEAK = YES;
				CLANG_WARN_BLOCK_CAPTURE_AUTORELEASING = YES;
				CLANG_WARN_BOOL_CONVERSION = YES;
				CLANG_WARN_COMMA = YES;
				CLANG_WARN_CONSTANT_CONVERSION = YES;
				CLANG_WARN_DEPRECATED_OBJC_IMPLEMENTATIONS = YES;
				CLANG_WARN_DIRECT_OBJC_ISA_USAGE = YES_ERROR;
				CLANG_WARN_DOCUMENTATION_COMMENTS = YES;
				CLANG_WARN_EMPTY_BODY = YES;
				CLANG_WARN_ENUM_CONVERSION = YES;
				CLANG_WARN_INFINITE_RECURSION = YES;
				CLANG_WARN_INT_CONVERSION = YES;
				CLANG_WARN_NON_LITERAL_NULL_CONVERSION = YES;
				CLANG_WARN_OBJC_IMPLICIT_RETAIN_SELF = YES;
				CLANG_WARN_OBJC_LITERAL_CONVERSION = YES;
				CLANG_WARN_OBJC_ROOT_CLASS = YES_ERROR;
				CLANG_WARN_QUOTED_INCLUDE_IN_FRAMEWORK_HEADER = YES;
				CLANG_WARN_RANGE_LOOP_ANALYSIS = YES;
				CLANG_WARN_STRICT_PROTOTYPES = YES;
				CLANG_WARN_SUSPICIOUS_MOVE = YES;
				CLANG_WARN_UNGUARDED_AVAILABILITY = YES_AGGRESSIVE;
				CLANG_WARN_UNREACHABLE_CODE = YES;
				CLANG_WARN__DUPLICATE_METHOD_MATCH = YES;
				COPY_PHASE_STRIP = NO;
				DEBUG_INFORMATION_FORMAT = dwarf;
				ENABLE_STRICT_OBJC_MSGSEND = YES;
				ENABLE_TESTABILITY = YES;
				GCC_C_LANGUAGE_STANDARD = gnu11;
				GCC_DYNAMIC_NO_PIC = NO;
				GCC_NO_COMMON_BLOCKS = YES;
				GCC_OPTIMIZATION_LEVEL = 0;
				GCC_PREPROCESSOR_DEFINITIONS = (
					"DEBUG=1",
					"$(inherited)",
				);
				GCC_WARN_64_TO_32_BIT_CONVERSION = YES;
				GCC_WARN_ABOUT_RETURN_TYPE = YES_ERROR;
				GCC_WARN_UNDECLARED_SELECTOR = YES;
				GCC_WARN_UNINITIALIZED_AUTOS = YES_AGGRESSIVE;
				GCC_WARN_UNUSED_FUNCTION = YES;
				GCC_WARN_UNUSED_VARIABLE = YES;
				IPHONEOS_DEPLOYMENT_TARGET = 14.1;
				MTL_ENABLE_DEBUG_INFO = INCLUDE_SOURCE;
				MTL_FAST_MATH = YES;
				ONLY_ACTIVE_ARCH = YES;
				SDKROOT = iphoneos;
				SWIFT_ACTIVE_COMPILATION_CONDITIONS = DEBUG;
				SWIFT_OPTIMIZATION_LEVEL = "-Onone";
			};
			name = Debug;
		};
		95F40857256D982200B90C99 /* Release */ = {
			isa = XCBuildConfiguration;
			buildSettings = {
				ALWAYS_SEARCH_USER_PATHS = NO;
				CLANG_ANALYZER_NONNULL = YES;
				CLANG_ANALYZER_NUMBER_OBJECT_CONVERSION = YES_AGGRESSIVE;
				CLANG_CXX_LANGUAGE_STANDARD = "gnu++14";
				CLANG_CXX_LIBRARY = "libc++";
				CLANG_ENABLE_MODULES = YES;
				CLANG_ENABLE_OBJC_ARC = YES;
				CLANG_ENABLE_OBJC_WEAK = YES;
				CLANG_WARN_BLOCK_CAPTURE_AUTORELEASING = YES;
				CLANG_WARN_BOOL_CONVERSION = YES;
				CLANG_WARN_COMMA = YES;
				CLANG_WARN_CONSTANT_CONVERSION = YES;
				CLANG_WARN_DEPRECATED_OBJC_IMPLEMENTATIONS = YES;
				CLANG_WARN_DIRECT_OBJC_ISA_USAGE = YES_ERROR;
				CLANG_WARN_DOCUMENTATION_COMMENTS = YES;
				CLANG_WARN_EMPTY_BODY = YES;
				CLANG_WARN_ENUM_CONVERSION = YES;
				CLANG_WARN_INFINITE_RECURSION = YES;
				CLANG_WARN_INT_CONVERSION = YES;
				CLANG_WARN_NON_LITERAL_NULL_CONVERSION = YES;
				CLANG_WARN_OBJC_IMPLICIT_RETAIN_SELF = YES;
				CLANG_WARN_OBJC_LITERAL_CONVERSION = YES;
				CLANG_WARN_OBJC_ROOT_CLASS = YES_ERROR;
				CLANG_WARN_QUOTED_INCLUDE_IN_FRAMEWORK_HEADER = YES;
				CLANG_WARN_RANGE_LOOP_ANALYSIS = YES;
				CLANG_WARN_STRICT_PROTOTYPES = YES;
				CLANG_WARN_SUSPICIOUS_MOVE = YES;
				CLANG_WARN_UNGUARDED_AVAILABILITY = YES_AGGRESSIVE;
				CLANG_WARN_UNREACHABLE_CODE = YES;
				CLANG_WARN__DUPLICATE_METHOD_MATCH = YES;
				COPY_PHASE_STRIP = NO;
				DEBUG_INFORMATION_FORMAT = "dwarf-with-dsym";
				ENABLE_NS_ASSERTIONS = NO;
				ENABLE_STRICT_OBJC_MSGSEND = YES;
				GCC_C_LANGUAGE_STANDARD = gnu11;
				GCC_NO_COMMON_BLOCKS = YES;
				GCC_WARN_64_TO_32_BIT_CONVERSION = YES;
				GCC_WARN_ABOUT_RETURN_TYPE = YES_ERROR;
				GCC_WARN_UNDECLARED_SELECTOR = YES;
				GCC_WARN_UNINITIALIZED_AUTOS = YES_AGGRESSIVE;
				GCC_WARN_UNUSED_FUNCTION = YES;
				GCC_WARN_UNUSED_VARIABLE = YES;
				IPHONEOS_DEPLOYMENT_TARGET = 14.1;
				MTL_ENABLE_DEBUG_INFO = NO;
				MTL_FAST_MATH = YES;
				SDKROOT = iphoneos;
				SWIFT_COMPILATION_MODE = wholemodule;
				SWIFT_OPTIMIZATION_LEVEL = "-O";
				VALIDATE_PRODUCT = YES;
			};
			name = Release;
		};
		95F40859256D982200B90C99 /* Debug */ = {
			isa = XCBuildConfiguration;
			buildSettings = {
				ASSETCATALOG_COMPILER_APPICON_NAME = AppIcon;
				ASSETCATALOG_COMPILER_GLOBAL_ACCENT_COLOR_NAME = AccentColor;
				CODE_SIGN_STYLE = Automatic;
				DEVELOPMENT_TEAM = 42G5T64Y2R;
				INFOPLIST_FILE = Tempo/Info.plist;
				LD_RUNPATH_SEARCH_PATHS = (
					"$(inherited)",
					"@executable_path/Frameworks",
				);
				PRODUCT_BUNDLE_IDENTIFIER = AnastasiyaUlitina.Tempo;
				PRODUCT_NAME = "$(TARGET_NAME)";
				SWIFT_VERSION = 5.0;
				TARGETED_DEVICE_FAMILY = "1,2";
			};
			name = Debug;
		};
		95F4085A256D982200B90C99 /* Release */ = {
			isa = XCBuildConfiguration;
			buildSettings = {
				ASSETCATALOG_COMPILER_APPICON_NAME = AppIcon;
				ASSETCATALOG_COMPILER_GLOBAL_ACCENT_COLOR_NAME = AccentColor;
				CODE_SIGN_STYLE = Automatic;
				DEVELOPMENT_TEAM = 42G5T64Y2R;
				INFOPLIST_FILE = Tempo/Info.plist;
				LD_RUNPATH_SEARCH_PATHS = (
					"$(inherited)",
					"@executable_path/Frameworks",
				);
				PRODUCT_BUNDLE_IDENTIFIER = AnastasiyaUlitina.Tempo;
				PRODUCT_NAME = "$(TARGET_NAME)";
				SWIFT_VERSION = 5.0;
				TARGETED_DEVICE_FAMILY = "1,2";
			};
			name = Release;
		};
/* End XCBuildConfiguration section */

/* Begin XCConfigurationList section */
		95F4083F256D982000B90C99 /* Build configuration list for PBXProject "Tempo" */ = {
			isa = XCConfigurationList;
			buildConfigurations = (
				95F40856256D982200B90C99 /* Debug */,
				95F40857256D982200B90C99 /* Release */,
			);
			defaultConfigurationIsVisible = 0;
			defaultConfigurationName = Release;
		};
		95F40858256D982200B90C99 /* Build configuration list for PBXNativeTarget "Tempo" */ = {
			isa = XCConfigurationList;
			buildConfigurations = (
				95F40859256D982200B90C99 /* Debug */,
				95F4085A256D982200B90C99 /* Release */,
			);
			defaultConfigurationIsVisible = 0;
			defaultConfigurationName = Release;
		};
/* End XCConfigurationList section */
	};
	rootObject = 95F4083C256D982000B90C99 /* Project object */;
}
